
Microsoft Visual Studio Solution File, Format Version 12.00
# Visual Studio Version 17
VisualStudioVersion = 17.10.35013.160
MinimumVisualStudioVersion = 10.0.40219.1
Project("{FAE04EC0-301F-11D3-BF4B-00C04F79EFBC}") = "ConsoleApp8", "ConsoleApp8\ConsoleApp8.csproj", "{EC0C7D15-0719-4CFE-8AFE-6D7B2CBF7336}"
EndProject
Project("{2150E333-8FDC-42A3-9474-1A3956D46DE8}") = "Solution Items", "Solution Items", "{936DE33B-D8FB-411A-8EF5-C388BC4054C0}"
	ProjectSection(SolutionItems) = preProject
		.editorconfig = .editorconfig
	EndProjectSection
EndProject
Global
	GlobalSection(SolutionConfigurationPlatforms) = preSolution
		Debug|Any CPU = Debug|Any CPU
		Release|Any CPU = Release|Any CPU
	EndGlobalSection
	GlobalSection(ProjectConfigurationPlatforms) = postSolution
		{EC0C7D15-0719-4CFE-8AFE-6D7B2CBF7336}.Debug|Any CPU.ActiveCfg = Debug|Any CPU
		{EC0C7D15-0719-4CFE-8AFE-6D7B2CBF7336}.Debug|Any CPU.Build.0 = Debug|Any CPU
		{EC0C7D15-0719-4CFE-8AFE-6D7B2CBF7336}.Release|Any CPU.ActiveCfg = Release|Any CPU
		{EC0C7D15-0719-4CFE-8AFE-6D7B2CBF7336}.Release|Any CPU.Build.0 = Release|Any CPU
	EndGlobalSection
	GlobalSection(SolutionProperties) = preSolution
		HideSolutionNode = FALSE
	EndGlobalSection
	GlobalSection(ExtensibilityGlobals) = postSolution
		SolutionGuid = {8E78E567-2140-4F04-B0BD-9FFD2DB1F3A9}
	EndGlobalSection
EndGlobal
